// !$*UTF8*$!
{
	archiveVersion = 1;
	classes = {
	};
	objectVersion = 50;
	objects = {

/* Begin PBXBuildFile section */
		5B74C6A0258AA2EA00840B1B /* AppDelegate.swift in Sources */ = {isa = PBXBuildFile; fileRef = 5B74C69F258AA2EA00840B1B /* AppDelegate.swift */; };
		5B74C6A2258AA2EA00840B1B /* SceneDelegate.swift in Sources */ = {isa = PBXBuildFile; fileRef = 5B74C6A1258AA2EA00840B1B /* SceneDelegate.swift */; };
		5B74C6A4258AA2EA00840B1B /* ViewController.swift in Sources */ = {isa = PBXBuildFile; fileRef = 5B74C6A3258AA2EA00840B1B /* ViewController.swift */; };
		5B74C6A7258AA2EA00840B1B /* Main.storyboard in Resources */ = {isa = PBXBuildFile; fileRef = 5B74C6A5258AA2EA00840B1B /* Main.storyboard */; };
		5B74C6A9258AA2EC00840B1B /* Assets.xcassets in Resources */ = {isa = PBXBuildFile; fileRef = 5B74C6A8258AA2EC00840B1B /* Assets.xcassets */; };
		5B74C6AC258AA2EC00840B1B /* LaunchScreen.storyboard in Resources */ = {isa = PBXBuildFile; fileRef = 5B74C6AA258AA2EC00840B1B /* LaunchScreen.storyboard */; };
		5B74C6B7258AA2EC00840B1B /* SampleAppTests.swift in Sources */ = {isa = PBXBuildFile; fileRef = 5B74C6B6258AA2EC00840B1B /* SampleAppTests.swift */; };
		5B74C6C2258AA2EC00840B1B /* SampleAppUITests.swift in Sources */ = {isa = PBXBuildFile; fileRef = 5B74C6C1258AA2EC00840B1B /* SampleAppUITests.swift */; };
		6B45BB714082235B49DA609C /* Pods_SampleApp.framework in Frameworks */ = {isa = PBXBuildFile; fileRef = B5D90054A8E6227416568F8B /* Pods_SampleApp.framework */; };
/* End PBXBuildFile section */

/* Begin PBXContainerItemProxy section */
		5B74C6B3258AA2EC00840B1B /* PBXContainerItemProxy */ = {
			isa = PBXContainerItemProxy;
			containerPortal = 5B74C694258AA2EA00840B1B /* Project object */;
			proxyType = 1;
			remoteGlobalIDString = 5B74C69B258AA2EA00840B1B;
			remoteInfo = SampleApp;
		};
		5B74C6BE258AA2EC00840B1B /* PBXContainerItemProxy */ = {
			isa = PBXContainerItemProxy;
			containerPortal = 5B74C694258AA2EA00840B1B /* Project object */;
			proxyType = 1;
			remoteGlobalIDString = 5B74C69B258AA2EA00840B1B;
			remoteInfo = SampleApp;
		};
/* End PBXContainerItemProxy section */

/* Begin PBXFileReference section */
		35DDBC222B9D8CE7736A2E33 /* Pods-SampleApp.release.xcconfig */ = {isa = PBXFileReference; includeInIndex = 1; lastKnownFileType = text.xcconfig; name = "Pods-SampleApp.release.xcconfig"; path = "Target Support Files/Pods-SampleApp/Pods-SampleApp.release.xcconfig"; sourceTree = "<group>"; };
		5B74C69C258AA2EA00840B1B /* SampleApp.app */ = {isa = PBXFileReference; explicitFileType = wrapper.application; includeInIndex = 0; path = SampleApp.app; sourceTree = BUILT_PRODUCTS_DIR; };
		5B74C69F258AA2EA00840B1B /* AppDelegate.swift */ = {isa = PBXFileReference; lastKnownFileType = sourcecode.swift; path = AppDelegate.swift; sourceTree = "<group>"; };
		5B74C6A1258AA2EA00840B1B /* SceneDelegate.swift */ = {isa = PBXFileReference; lastKnownFileType = sourcecode.swift; path = SceneDelegate.swift; sourceTree = "<group>"; };
		5B74C6A3258AA2EA00840B1B /* ViewController.swift */ = {isa = PBXFileReference; lastKnownFileType = sourcecode.swift; path = ViewController.swift; sourceTree = "<group>"; };
		5B74C6A6258AA2EA00840B1B /* Base */ = {isa = PBXFileReference; lastKnownFileType = file.storyboard; name = Base; path = Base.lproj/Main.storyboard; sourceTree = "<group>"; };
		5B74C6A8258AA2EC00840B1B /* Assets.xcassets */ = {isa = PBXFileReference; lastKnownFileType = folder.assetcatalog; path = Assets.xcassets; sourceTree = "<group>"; };
		5B74C6AB258AA2EC00840B1B /* Base */ = {isa = PBXFileReference; lastKnownFileType = file.storyboard; name = Base; path = Base.lproj/LaunchScreen.storyboard; sourceTree = "<group>"; };
		5B74C6AD258AA2EC00840B1B /* Info.plist */ = {isa = PBXFileReference; lastKnownFileType = text.plist.xml; path = Info.plist; sourceTree = "<group>"; };
		5B74C6B2258AA2EC00840B1B /* SampleAppTests.xctest */ = {isa = PBXFileReference; explicitFileType = wrapper.cfbundle; includeInIndex = 0; path = SampleAppTests.xctest; sourceTree = BUILT_PRODUCTS_DIR; };
		5B74C6B6258AA2EC00840B1B /* SampleAppTests.swift */ = {isa = PBXFileReference; lastKnownFileType = sourcecode.swift; path = SampleAppTests.swift; sourceTree = "<group>"; };
		5B74C6B8258AA2EC00840B1B /* Info.plist */ = {isa = PBXFileReference; lastKnownFileType = text.plist.xml; path = Info.plist; sourceTree = "<group>"; };
		5B74C6BD258AA2EC00840B1B /* SampleAppUITests.xctest */ = {isa = PBXFileReference; explicitFileType = wrapper.cfbundle; includeInIndex = 0; path = SampleAppUITests.xctest; sourceTree = BUILT_PRODUCTS_DIR; };
		5B74C6C1258AA2EC00840B1B /* SampleAppUITests.swift */ = {isa = PBXFileReference; lastKnownFileType = sourcecode.swift; path = SampleAppUITests.swift; sourceTree = "<group>"; };
		5B74C6C3258AA2EC00840B1B /* Info.plist */ = {isa = PBXFileReference; lastKnownFileType = text.plist.xml; path = Info.plist; sourceTree = "<group>"; };
		B5D90054A8E6227416568F8B /* Pods_SampleApp.framework */ = {isa = PBXFileReference; explicitFileType = wrapper.framework; includeInIndex = 0; path = Pods_SampleApp.framework; sourceTree = BUILT_PRODUCTS_DIR; };
		C7D73C353582C04940AA8072 /* Pods-SampleApp.debug.xcconfig */ = {isa = PBXFileReference; includeInIndex = 1; lastKnownFileType = text.xcconfig; name = "Pods-SampleApp.debug.xcconfig"; path = "Target Support Files/Pods-SampleApp/Pods-SampleApp.debug.xcconfig"; sourceTree = "<group>"; };
/* End PBXFileReference section */

/* Begin PBXFrameworksBuildPhase section */
		5B74C699258AA2EA00840B1B /* Frameworks */ = {
			isa = PBXFrameworksBuildPhase;
			buildActionMask = 2147483647;
			files = (
				6B45BB714082235B49DA609C /* Pods_SampleApp.framework in Frameworks */,
			);
			runOnlyForDeploymentPostprocessing = 0;
		};
		5B74C6AF258AA2EC00840B1B /* Frameworks */ = {
			isa = PBXFrameworksBuildPhase;
			buildActionMask = 2147483647;
			files = (
			);
			runOnlyForDeploymentPostprocessing = 0;
		};
		5B74C6BA258AA2EC00840B1B /* Frameworks */ = {
			isa = PBXFrameworksBuildPhase;
			buildActionMask = 2147483647;
			files = (
			);
			runOnlyForDeploymentPostprocessing = 0;
		};
/* End PBXFrameworksBuildPhase section */

/* Begin PBXGroup section */
		06E758E10B7700D328960CB6 /* Frameworks */ = {
			isa = PBXGroup;
			children = (
				B5D90054A8E6227416568F8B /* Pods_SampleApp.framework */,
			);
			name = Frameworks;
			sourceTree = "<group>";
		};
		5B74C693258AA2EA00840B1B = {
			isa = PBXGroup;
			children = (
				5B74C69E258AA2EA00840B1B /* SampleApp */,
				5B74C6B5258AA2EC00840B1B /* SampleAppTests */,
				5B74C6C0258AA2EC00840B1B /* SampleAppUITests */,
				5B74C69D258AA2EA00840B1B /* Products */,
				8F4476A9BEE04C477839FF43 /* Pods */,
				06E758E10B7700D328960CB6 /* Frameworks */,
			);
			sourceTree = "<group>";
		};
		5B74C69D258AA2EA00840B1B /* Products */ = {
			isa = PBXGroup;
			children = (
				5B74C69C258AA2EA00840B1B /* SampleApp.app */,
				5B74C6B2258AA2EC00840B1B /* SampleAppTests.xctest */,
				5B74C6BD258AA2EC00840B1B /* SampleAppUITests.xctest */,
			);
			name = Products;
			sourceTree = "<group>";
		};
		5B74C69E258AA2EA00840B1B /* SampleApp */ = {
			isa = PBXGroup;
			children = (
				5B74C69F258AA2EA00840B1B /* AppDelegate.swift */,
				5B74C6A1258AA2EA00840B1B /* SceneDelegate.swift */,
				5B74C6A3258AA2EA00840B1B /* ViewController.swift */,
				5B74C6A5258AA2EA00840B1B /* Main.storyboard */,
				5B74C6A8258AA2EC00840B1B /* Assets.xcassets */,
				5B74C6AA258AA2EC00840B1B /* LaunchScreen.storyboard */,
				5B74C6AD258AA2EC00840B1B /* Info.plist */,
			);
			path = SampleApp;
			sourceTree = "<group>";
		};
		5B74C6B5258AA2EC00840B1B /* SampleAppTests */ = {
			isa = PBXGroup;
			children = (
				5B74C6B6258AA2EC00840B1B /* SampleAppTests.swift */,
				5B74C6B8258AA2EC00840B1B /* Info.plist */,
			);
			path = SampleAppTests;
			sourceTree = "<group>";
		};
		5B74C6C0258AA2EC00840B1B /* SampleAppUITests */ = {
			isa = PBXGroup;
			children = (
				5B74C6C1258AA2EC00840B1B /* SampleAppUITests.swift */,
				5B74C6C3258AA2EC00840B1B /* Info.plist */,
			);
			path = SampleAppUITests;
			sourceTree = "<group>";
		};
		8F4476A9BEE04C477839FF43 /* Pods */ = {
			isa = PBXGroup;
			children = (
				C7D73C353582C04940AA8072 /* Pods-SampleApp.debug.xcconfig */,
				35DDBC222B9D8CE7736A2E33 /* Pods-SampleApp.release.xcconfig */,
			);
			name = Pods;
			path = Pods;
			sourceTree = "<group>";
		};
/* End PBXGroup section */

/* Begin PBXNativeTarget section */
		5B74C69B258AA2EA00840B1B /* SampleApp */ = {
			isa = PBXNativeTarget;
			buildConfigurationList = 5B74C6C6258AA2EC00840B1B /* Build configuration list for PBXNativeTarget "SampleApp" */;
			buildPhases = (
				8FE51D9118251456F5BEC223 /* [CP] Check Pods Manifest.lock */,
				5B74C698258AA2EA00840B1B /* Sources */,
				5B74C699258AA2EA00840B1B /* Frameworks */,
				5B74C69A258AA2EA00840B1B /* Resources */,
				AA6B1D4E9493CC06A1F40A85 /* [CP] Embed Pods Frameworks */,
			);
			buildRules = (
			);
			dependencies = (
			);
			name = SampleApp;
			productName = SampleApp;
			productReference = 5B74C69C258AA2EA00840B1B /* SampleApp.app */;
			productType = "com.apple.product-type.application";
		};
		5B74C6B1258AA2EC00840B1B /* SampleAppTests */ = {
			isa = PBXNativeTarget;
			buildConfigurationList = 5B74C6C9258AA2EC00840B1B /* Build configuration list for PBXNativeTarget "SampleAppTests" */;
			buildPhases = (
				5B74C6AE258AA2EC00840B1B /* Sources */,
				5B74C6AF258AA2EC00840B1B /* Frameworks */,
				5B74C6B0258AA2EC00840B1B /* Resources */,
			);
			buildRules = (
			);
			dependencies = (
				5B74C6B4258AA2EC00840B1B /* PBXTargetDependency */,
			);
			name = SampleAppTests;
			productName = SampleAppTests;
			productReference = 5B74C6B2258AA2EC00840B1B /* SampleAppTests.xctest */;
			productType = "com.apple.product-type.bundle.unit-test";
		};
		5B74C6BC258AA2EC00840B1B /* SampleAppUITests */ = {
			isa = PBXNativeTarget;
			buildConfigurationList = 5B74C6CC258AA2EC00840B1B /* Build configuration list for PBXNativeTarget "SampleAppUITests" */;
			buildPhases = (
				5B74C6B9258AA2EC00840B1B /* Sources */,
				5B74C6BA258AA2EC00840B1B /* Frameworks */,
				5B74C6BB258AA2EC00840B1B /* Resources */,
			);
			buildRules = (
			);
			dependencies = (
				5B74C6BF258AA2EC00840B1B /* PBXTargetDependency */,
			);
			name = SampleAppUITests;
			productName = SampleAppUITests;
			productReference = 5B74C6BD258AA2EC00840B1B /* SampleAppUITests.xctest */;
			productType = "com.apple.product-type.bundle.ui-testing";
		};
/* End PBXNativeTarget section */

/* Begin PBXProject section */
		5B74C694258AA2EA00840B1B /* Project object */ = {
			isa = PBXProject;
			attributes = {
				LastSwiftUpdateCheck = 1220;
				LastUpgradeCheck = 1220;
				TargetAttributes = {
					5B74C69B258AA2EA00840B1B = {
						CreatedOnToolsVersion = 12.2;
					};
					5B74C6B1258AA2EC00840B1B = {
						CreatedOnToolsVersion = 12.2;
						TestTargetID = 5B74C69B258AA2EA00840B1B;
					};
					5B74C6BC258AA2EC00840B1B = {
						CreatedOnToolsVersion = 12.2;
						TestTargetID = 5B74C69B258AA2EA00840B1B;
					};
				};
			};
			buildConfigurationList = 5B74C697258AA2EA00840B1B /* Build configuration list for PBXProject "SampleApp" */;
			compatibilityVersion = "Xcode 9.3";
			developmentRegion = en;
			hasScannedForEncodings = 0;
			knownRegions = (
				en,
				Base,
			);
			mainGroup = 5B74C693258AA2EA00840B1B;
			productRefGroup = 5B74C69D258AA2EA00840B1B /* Products */;
			projectDirPath = "";
			projectRoot = "";
			targets = (
				5B74C69B258AA2EA00840B1B /* SampleApp */,
				5B74C6B1258AA2EC00840B1B /* SampleAppTests */,
				5B74C6BC258AA2EC00840B1B /* SampleAppUITests */,
			);
		};
/* End PBXProject section */

/* Begin PBXResourcesBuildPhase section */
		5B74C69A258AA2EA00840B1B /* Resources */ = {
			isa = PBXResourcesBuildPhase;
			buildActionMask = 2147483647;
			files = (
				5B74C6AC258AA2EC00840B1B /* LaunchScreen.storyboard in Resources */,
				5B74C6A9258AA2EC00840B1B /* Assets.xcassets in Resources */,
				5B74C6A7258AA2EA00840B1B /* Main.storyboard in Resources */,
			);
			runOnlyForDeploymentPostprocessing = 0;
		};
		5B74C6B0258AA2EC00840B1B /* Resources */ = {
			isa = PBXResourcesBuildPhase;
			buildActionMask = 2147483647;
			files = (
			);
			runOnlyForDeploymentPostprocessing = 0;
		};
		5B74C6BB258AA2EC00840B1B /* Resources */ = {
			isa = PBXResourcesBuildPhase;
			buildActionMask = 2147483647;
			files = (
			);
			runOnlyForDeploymentPostprocessing = 0;
		};
/* End PBXResourcesBuildPhase section */

/* Begin PBXShellScriptBuildPhase section */
		8FE51D9118251456F5BEC223 /* [CP] Check Pods Manifest.lock */ = {
			isa = PBXShellScriptBuildPhase;
			buildActionMask = 2147483647;
			files = (
			);
			inputFileListPaths = (
			);
			inputPaths = (
				"${PODS_PODFILE_DIR_PATH}/Podfile.lock",
				"${PODS_ROOT}/Manifest.lock",
			);
			name = "[CP] Check Pods Manifest.lock";
			outputFileListPaths = (
			);
			outputPaths = (
				"$(DERIVED_FILE_DIR)/Pods-SampleApp-checkManifestLockResult.txt",
			);
			runOnlyForDeploymentPostprocessing = 0;
			shellPath = /bin/sh;
			shellScript = "diff \"${PODS_PODFILE_DIR_PATH}/Podfile.lock\" \"${PODS_ROOT}/Manifest.lock\" > /dev/null\nif [ $? != 0 ] ; then\n    # print error to STDERR\n    echo \"error: The sandbox is not in sync with the Podfile.lock. Run 'pod install' or update your CocoaPods installation.\" >&2\n    exit 1\nfi\n# This output is used by Xcode 'outputs' to avoid re-running this script phase.\necho \"SUCCESS\" > \"${SCRIPT_OUTPUT_FILE_0}\"\n";
			showEnvVarsInLog = 0;
		};
		AA6B1D4E9493CC06A1F40A85 /* [CP] Embed Pods Frameworks */ = {
			isa = PBXShellScriptBuildPhase;
			buildActionMask = 2147483647;
			files = (
			);
			inputFileListPaths = (
				"${PODS_ROOT}/Target Support Files/Pods-SampleApp/Pods-SampleApp-frameworks-${CONFIGURATION}-input-files.xcfilelist",
			);
			name = "[CP] Embed Pods Frameworks";
			outputFileListPaths = (
				"${PODS_ROOT}/Target Support Files/Pods-SampleApp/Pods-SampleApp-frameworks-${CONFIGURATION}-output-files.xcfilelist",
			);
			runOnlyForDeploymentPostprocessing = 0;
			shellPath = /bin/sh;
			shellScript = "\"${PODS_ROOT}/Target Support Files/Pods-SampleApp/Pods-SampleApp-frameworks.sh\"\n";
			showEnvVarsInLog = 0;
		};
/* End PBXShellScriptBuildPhase section */

/* Begin PBXSourcesBuildPhase section */
		5B74C698258AA2EA00840B1B /* Sources */ = {
			isa = PBXSourcesBuildPhase;
			buildActionMask = 2147483647;
			files = (
				5B74C6A4258AA2EA00840B1B /* ViewController.swift in Sources */,
				5B74C6A0258AA2EA00840B1B /* AppDelegate.swift in Sources */,
				5B74C6A2258AA2EA00840B1B /* SceneDelegate.swift in Sources */,
			);
			runOnlyForDeploymentPostprocessing = 0;
		};
		5B74C6AE258AA2EC00840B1B /* Sources */ = {
			isa = PBXSourcesBuildPhase;
			buildActionMask = 2147483647;
			files = (
				5B74C6B7258AA2EC00840B1B /* SampleAppTests.swift in Sources */,
			);
			runOnlyForDeploymentPostprocessing = 0;
		};
		5B74C6B9258AA2EC00840B1B /* Sources */ = {
			isa = PBXSourcesBuildPhase;
			buildActionMask = 2147483647;
			files = (
				5B74C6C2258AA2EC00840B1B /* SampleAppUITests.swift in Sources */,
			);
			runOnlyForDeploymentPostprocessing = 0;
		};
/* End PBXSourcesBuildPhase section */

/* Begin PBXTargetDependency section */
		5B74C6B4258AA2EC00840B1B /* PBXTargetDependency */ = {
			isa = PBXTargetDependency;
			target = 5B74C69B258AA2EA00840B1B /* SampleApp */;
			targetProxy = 5B74C6B3258AA2EC00840B1B /* PBXContainerItemProxy */;
		};
		5B74C6BF258AA2EC00840B1B /* PBXTargetDependency */ = {
			isa = PBXTargetDependency;
			target = 5B74C69B258AA2EA00840B1B /* SampleApp */;
			targetProxy = 5B74C6BE258AA2EC00840B1B /* PBXContainerItemProxy */;
		};
/* End PBXTargetDependency section */

/* Begin PBXVariantGroup section */
		5B74C6A5258AA2EA00840B1B /* Main.storyboard */ = {
			isa = PBXVariantGroup;
			children = (
				5B74C6A6258AA2EA00840B1B /* Base */,
			);
			name = Main.storyboard;
			sourceTree = "<group>";
		};
		5B74C6AA258AA2EC00840B1B /* LaunchScreen.storyboard */ = {
			isa = PBXVariantGroup;
			children = (
				5B74C6AB258AA2EC00840B1B /* Base */,
			);
			name = LaunchScreen.storyboard;
			sourceTree = "<group>";
		};
/* End PBXVariantGroup section */

/* Begin XCBuildConfiguration section */
		5B74C6C4258AA2EC00840B1B /* Debug */ = {
			isa = XCBuildConfiguration;
			buildSettings = {
				ALWAYS_SEARCH_USER_PATHS = NO;
				CLANG_ANALYZER_NONNULL = YES;
				CLANG_ANALYZER_NUMBER_OBJECT_CONVERSION = YES_AGGRESSIVE;
				CLANG_CXX_LANGUAGE_STANDARD = "gnu++14";
				CLANG_CXX_LIBRARY = "libc++";
				CLANG_ENABLE_MODULES = YES;
				CLANG_ENABLE_OBJC_ARC = YES;
				CLANG_ENABLE_OBJC_WEAK = YES;
				CLANG_WARN_BLOCK_CAPTURE_AUTORELEASING = YES;
				CLANG_WARN_BOOL_CONVERSION = YES;
				CLANG_WARN_COMMA = YES;
				CLANG_WARN_CONSTANT_CONVERSION = YES;
				CLANG_WARN_DEPRECATED_OBJC_IMPLEMENTATIONS = YES;
				CLANG_WARN_DIRECT_OBJC_ISA_USAGE = YES_ERROR;
				CLANG_WARN_DOCUMENTATION_COMMENTS = YES;
				CLANG_WARN_EMPTY_BODY = YES;
				CLANG_WARN_ENUM_CONVERSION = YES;
				CLANG_WARN_INFINITE_RECURSION = YES;
				CLANG_WARN_INT_CONVERSION = YES;
				CLANG_WARN_NON_LITERAL_NULL_CONVERSION = YES;
				CLANG_WARN_OBJC_IMPLICIT_RETAIN_SELF = YES;
				CLANG_WARN_OBJC_LITERAL_CONVERSION = YES;
				CLANG_WARN_OBJC_ROOT_CLASS = YES_ERROR;
				CLANG_WARN_QUOTED_INCLUDE_IN_FRAMEWORK_HEADER = YES;
				CLANG_WARN_RANGE_LOOP_ANALYSIS = YES;
				CLANG_WARN_STRICT_PROTOTYPES = YES;
				CLANG_WARN_SUSPICIOUS_MOVE = YES;
				CLANG_WARN_UNGUARDED_AVAILABILITY = YES_AGGRESSIVE;
				CLANG_WARN_UNREACHABLE_CODE = YES;
				CLANG_WARN__DUPLICATE_METHOD_MATCH = YES;
				COPY_PHASE_STRIP = NO;
				DEBUG_INFORMATION_FORMAT = dwarf;
				ENABLE_STRICT_OBJC_MSGSEND = YES;
				ENABLE_TESTABILITY = YES;
				GCC_C_LANGUAGE_STANDARD = gnu11;
				GCC_DYNAMIC_NO_PIC = NO;
				GCC_NO_COMMON_BLOCKS = YES;
				GCC_OPTIMIZATION_LEVEL = 0;
				GCC_PREPROCESSOR_DEFINITIONS = (
					"DEBUG=1",
					"$(inherited)",
				);
				GCC_WARN_64_TO_32_BIT_CONVERSION = YES;
				GCC_WARN_ABOUT_RETURN_TYPE = YES_ERROR;
				GCC_WARN_UNDECLARED_SELECTOR = YES;
				GCC_WARN_UNINITIALIZED_AUTOS = YES_AGGRESSIVE;
				GCC_WARN_UNUSED_FUNCTION = YES;
				GCC_WARN_UNUSED_VARIABLE = YES;
				IPHONEOS_DEPLOYMENT_TARGET = 14.2;
				MTL_ENABLE_DEBUG_INFO = INCLUDE_SOURCE;
				MTL_FAST_MATH = YES;
				ONLY_ACTIVE_ARCH = YES;
				SDKROOT = iphoneos;
				SWIFT_ACTIVE_COMPILATION_CONDITIONS = DEBUG;
				SWIFT_OPTIMIZATION_LEVEL = "-Onone";
			};
			name = Debug;
		};
		5B74C6C5258AA2EC00840B1B /* Release */ = {
			isa = XCBuildConfiguration;
			buildSettings = {
				ALWAYS_SEARCH_USER_PATHS = NO;
				CLANG_ANALYZER_NONNULL = YES;
				CLANG_ANALYZER_NUMBER_OBJECT_CONVERSION = YES_AGGRESSIVE;
				CLANG_CXX_LANGUAGE_STANDARD = "gnu++14";
				CLANG_CXX_LIBRARY = "libc++";
				CLANG_ENABLE_MODULES = YES;
				CLANG_ENABLE_OBJC_ARC = YES;
				CLANG_ENABLE_OBJC_WEAK = YES;
				CLANG_WARN_BLOCK_CAPTURE_AUTORELEASING = YES;
				CLANG_WARN_BOOL_CONVERSION = YES;
				CLANG_WARN_COMMA = YES;
				CLANG_WARN_CONSTANT_CONVERSION = YES;
				CLANG_WARN_DEPRECATED_OBJC_IMPLEMENTATIONS = YES;
				CLANG_WARN_DIRECT_OBJC_ISA_USAGE = YES_ERROR;
				CLANG_WARN_DOCUMENTATION_COMMENTS = YES;
				CLANG_WARN_EMPTY_BODY = YES;
				CLANG_WARN_ENUM_CONVERSION = YES;
				CLANG_WARN_INFINITE_RECURSION = YES;
				CLANG_WARN_INT_CONVERSION = YES;
				CLANG_WARN_NON_LITERAL_NULL_CONVERSION = YES;
				CLANG_WARN_OBJC_IMPLICIT_RETAIN_SELF = YES;
				CLANG_WARN_OBJC_LITERAL_CONVERSION = YES;
				CLANG_WARN_OBJC_ROOT_CLASS = YES_ERROR;
				CLANG_WARN_QUOTED_INCLUDE_IN_FRAMEWORK_HEADER = YES;
				CLANG_WARN_RANGE_LOOP_ANALYSIS = YES;
				CLANG_WARN_STRICT_PROTOTYPES = YES;
				CLANG_WARN_SUSPICIOUS_MOVE = YES;
				CLANG_WARN_UNGUARDED_AVAILABILITY = YES_AGGRESSIVE;
				CLANG_WARN_UNREACHABLE_CODE = YES;
				CLANG_WARN__DUPLICATE_METHOD_MATCH = YES;
				COPY_PHASE_STRIP = NO;
				DEBUG_INFORMATION_FORMAT = "dwarf-with-dsym";
				ENABLE_NS_ASSERTIONS = NO;
				ENABLE_STRICT_OBJC_MSGSEND = YES;
				GCC_C_LANGUAGE_STANDARD = gnu11;
				GCC_NO_COMMON_BLOCKS = YES;
				GCC_WARN_64_TO_32_BIT_CONVERSION = YES;
				GCC_WARN_ABOUT_RETURN_TYPE = YES_ERROR;
				GCC_WARN_UNDECLARED_SELECTOR = YES;
				GCC_WARN_UNINITIALIZED_AUTOS = YES_AGGRESSIVE;
				GCC_WARN_UNUSED_FUNCTION = YES;
				GCC_WARN_UNUSED_VARIABLE = YES;
				IPHONEOS_DEPLOYMENT_TARGET = 14.2;
				MTL_ENABLE_DEBUG_INFO = NO;
				MTL_FAST_MATH = YES;
				SDKROOT = iphoneos;
				SWIFT_COMPILATION_MODE = wholemodule;
				SWIFT_OPTIMIZATION_LEVEL = "-O";
				VALIDATE_PRODUCT = YES;
			};
			name = Release;
		};
		5B74C6C7258AA2EC00840B1B /* Debug */ = {
			isa = XCBuildConfiguration;
			baseConfigurationReference = C7D73C353582C04940AA8072 /* Pods-SampleApp.debug.xcconfig */;
			buildSettings = {
				ASSETCATALOG_COMPILER_APPICON_NAME = AppIcon;
				ASSETCATALOG_COMPILER_GLOBAL_ACCENT_COLOR_NAME = AccentColor;
				CODE_SIGN_STYLE = Automatic;
				INFOPLIST_FILE = SampleApp/Info.plist;
				IPHONEOS_DEPLOYMENT_TARGET = 14.0;
				LD_RUNPATH_SEARCH_PATHS = (
					"$(inherited)",
					"@executable_path/Frameworks",
				);
				PRODUCT_BUNDLE_IDENTIFIER = com.dosh.SampleApp;
				PRODUCT_NAME = "$(TARGET_NAME)";
				SWIFT_VERSION = 5.0;
				TARGETED_DEVICE_FAMILY = "1,2";
			};
			name = Debug;
		};
		5B74C6C8258AA2EC00840B1B /* Release */ = {
			isa = XCBuildConfiguration;
			baseConfigurationReference = 35DDBC222B9D8CE7736A2E33 /* Pods-SampleApp.release.xcconfig */;
			buildSettings = {
				ASSETCATALOG_COMPILER_APPICON_NAME = AppIcon;
				ASSETCATALOG_COMPILER_GLOBAL_ACCENT_COLOR_NAME = AccentColor;
				CODE_SIGN_STYLE = Automatic;
				INFOPLIST_FILE = SampleApp/Info.plist;
				IPHONEOS_DEPLOYMENT_TARGET = 14.0;
				LD_RUNPATH_SEARCH_PATHS = (
					"$(inherited)",
					"@executable_path/Frameworks",
				);
				PRODUCT_BUNDLE_IDENTIFIER = com.dosh.SampleApp;
				PRODUCT_NAME = "$(TARGET_NAME)";
				SWIFT_VERSION = 5.0;
				TARGETED_DEVICE_FAMILY = "1,2";
			};
			name = Release;
		};
		5B74C6CA258AA2EC00840B1B /* Debug */ = {
			isa = XCBuildConfiguration;
			buildSettings = {
				ALWAYS_EMBED_SWIFT_STANDARD_LIBRARIES = YES;
				BUNDLE_LOADER = "$(TEST_HOST)";
				CODE_SIGN_STYLE = Automatic;
				INFOPLIST_FILE = SampleAppTests/Info.plist;
				IPHONEOS_DEPLOYMENT_TARGET = 14.2;
				LD_RUNPATH_SEARCH_PATHS = (
					"$(inherited)",
					"@executable_path/Frameworks",
					"@loader_path/Frameworks",
				);
				PRODUCT_BUNDLE_IDENTIFIER = com.dosh.SampleAppTests;
				PRODUCT_NAME = "$(TARGET_NAME)";
				SWIFT_VERSION = 5.0;
				TARGETED_DEVICE_FAMILY = "1,2";
				TEST_HOST = "$(BUILT_PRODUCTS_DIR)/SampleApp.app/SampleApp";
			};
			name = Debug;
		};
		5B74C6CB258AA2EC00840B1B /* Release */ = {
			isa = XCBuildConfiguration;
			buildSettings = {
				ALWAYS_EMBED_SWIFT_STANDARD_LIBRARIES = YES;
				BUNDLE_LOADER = "$(TEST_HOST)";
				CODE_SIGN_STYLE = Automatic;
				INFOPLIST_FILE = SampleAppTests/Info.plist;
				IPHONEOS_DEPLOYMENT_TARGET = 14.2;
				LD_RUNPATH_SEARCH_PATHS = (
					"$(inherited)",
					"@executable_path/Frameworks",
					"@loader_path/Frameworks",
				);
				PRODUCT_BUNDLE_IDENTIFIER = com.dosh.SampleAppTests;
				PRODUCT_NAME = "$(TARGET_NAME)";
				SWIFT_VERSION = 5.0;
				TARGETED_DEVICE_FAMILY = "1,2";
				TEST_HOST = "$(BUILT_PRODUCTS_DIR)/SampleApp.app/SampleApp";
			};
			name = Release;
		};
		5B74C6CD258AA2EC00840B1B /* Debug */ = {
			isa = XCBuildConfiguration;
			buildSettings = {
				ALWAYS_EMBED_SWIFT_STANDARD_LIBRARIES = YES;
				CODE_SIGN_STYLE = Automatic;
				INFOPLIST_FILE = SampleAppUITests/Info.plist;
				LD_RUNPATH_SEARCH_PATHS = (
					"$(inherited)",
					"@executable_path/Frameworks",
					"@loader_path/Frameworks",
				);
				PRODUCT_BUNDLE_IDENTIFIER = com.dosh.SampleAppUITests;
				PRODUCT_NAME = "$(TARGET_NAME)";
				SWIFT_VERSION = 5.0;
				TARGETED_DEVICE_FAMILY = "1,2";
				TEST_TARGET_NAME = SampleApp;
			};
			name = Debug;
		};
		5B74C6CE258AA2EC00840B1B /* Release */ = {
			isa = XCBuildConfiguration;
			buildSettings = {
				ALWAYS_EMBED_SWIFT_STANDARD_LIBRARIES = YES;
				CODE_SIGN_STYLE = Automatic;
				INFOPLIST_FILE = SampleAppUITests/Info.plist;
				LD_RUNPATH_SEARCH_PATHS = (
					"$(inherited)",
					"@executable_path/Frameworks",
					"@loader_path/Frameworks",
				);
				PRODUCT_BUNDLE_IDENTIFIER = com.dosh.SampleAppUITests;
				PRODUCT_NAME = "$(TARGET_NAME)";
				SWIFT_VERSION = 5.0;
				TARGETED_DEVICE_FAMILY = "1,2";
				TEST_TARGET_NAME = SampleApp;
			};
			name = Release;
		};
/* End XCBuildConfiguration section */

/* Begin XCConfigurationList section */
		5B74C697258AA2EA00840B1B /* Build configuration list for PBXProject "SampleApp" */ = {
			isa = XCConfigurationList;
			buildConfigurations = (
				5B74C6C4258AA2EC00840B1B /* Debug */,
				5B74C6C5258AA2EC00840B1B /* Release */,
			);
			defaultConfigurationIsVisible = 0;
			defaultConfigurationName = Release;
		};
		5B74C6C6258AA2EC00840B1B /* Build configuration list for PBXNativeTarget "SampleApp" */ = {
			isa = XCConfigurationList;
			buildConfigurations = (
				5B74C6C7258AA2EC00840B1B /* Debug */,
				5B74C6C8258AA2EC00840B1B /* Release */,
			);
			defaultConfigurationIsVisible = 0;
			defaultConfigurationName = Release;
		};
		5B74C6C9258AA2EC00840B1B /* Build configuration list for PBXNativeTarget "SampleAppTests" */ = {
			isa = XCConfigurationList;
			buildConfigurations = (
				5B74C6CA258AA2EC00840B1B /* Debug */,
				5B74C6CB258AA2EC00840B1B /* Release */,
			);
			defaultConfigurationIsVisible = 0;
			defaultConfigurationName = Release;
		};
		5B74C6CC258AA2EC00840B1B /* Build configuration list for PBXNativeTarget "SampleAppUITests" */ = {
			isa = XCConfigurationList;
			buildConfigurations = (
				5B74C6CD258AA2EC00840B1B /* Debug */,
				5B74C6CE258AA2EC00840B1B /* Release */,
			);
			defaultConfigurationIsVisible = 0;
			defaultConfigurationName = Release;
		};
/* End XCConfigurationList section */
	};
	rootObject = 5B74C694258AA2EA00840B1B /* Project object */;
}
